
Microsoft Visual Studio Solution File, Format Version 12.00
# Visual Studio Version 17
VisualStudioVersion = 17.14.37614.0
MinimumVisualStudioVersion = 10.0.40219.1
Project("{FAE04EC0-301F-11D3-BF4B-00C04F79EFBC}") = "LogicSim.Game", "LogicSim.Game.csproj", "{A55A61C1-FC9A-4238-90B0-D8C0900FBA17}"
EndProject
Global
	GlobalSection(SolutionConfigurationPlatforms) = preSolution
		Debug|Any CPU = Debug|Any CPU
		Release|Any CPU = Release|Any CPU
	EndGlobalSection
	GlobalSection(ProjectConfigurationPlatforms) = postSolution
		{A55A61C1-FC9A-4238-90B0-D8C0900FBA17}.Debug|Any CPU.ActiveCfg = Debug|Any CPU
		{A55A61C1-FC9A-4238-90B0-D8C0900FBA17}.Debug|Any CPU.Build.0 = Debug|Any CPU
		{A55A61C1-FC9A-4238-90B0-D8C0900FBA17}.Release|Any CPU.ActiveCfg = Release|Any CPU
		{A55A61C1-FC9A-4238-90B0-D8C0900FBA17}.Release|Any CPU.Build.0 = Release|Any CPU
	EndGlobalSection
	GlobalSection(SolutionProperties) = preSolution
		HideSolutionNode = FALSE
	EndGlobalSection
	GlobalSection(ExtensibilityGlobals) = postSolution
		SolutionGuid = {E74B086E-5AB6-46A5-9AD0-E812D8A83964}
	EndGlobalSection
EndGlobal
